
Microsoft Visual Studio Solution File, Format Version 12.00
# Visual Studio Version 16
VisualStudioVersion = 25.0.1703.4
MinimumVisualStudioVersion = 10.0.40219.1
Project("{FAE04EC0-301F-11D3-BF4B-00C04F79EFBC}") = "Homework7_1_Salaries", "Homework7_1_Salaries\Homework7_1_Salaries.csproj", "{65A23AE8-EEFF-4E24-8AF2-D97CDFCF9D13}"
EndProject
Global
	GlobalSection(SolutionConfigurationPlatforms) = preSolution
		Debug|Any CPU = Debug|Any CPU
		Release|Any CPU = Release|Any CPU
	EndGlobalSection
	GlobalSection(ProjectConfigurationPlatforms) = postSolution
		{65A23AE8-EEFF-4E24-8AF2-D97CDFCF9D13}.Debug|Any CPU.ActiveCfg = Debug|Any CPU
		{65A23AE8-EEFF-4E24-8AF2-D97CDFCF9D13}.Debug|Any CPU.Build.0 = Debug|Any CPU
		{65A23AE8-EEFF-4E24-8AF2-D97CDFCF9D13}.Release|Any CPU.ActiveCfg = Release|Any CPU
		{65A23AE8-EEFF-4E24-8AF2-D97CDFCF9D13}.Release|Any CPU.Build.0 = Release|Any CPU
	EndGlobalSection
	GlobalSection(SolutionProperties) = preSolution
		HideSolutionNode = FALSE
	EndGlobalSection
	GlobalSection(ExtensibilityGlobals) = postSolution
		SolutionGuid = {5CB0BEB4-1D41-488B-BFDB-DF8420BD43D6}
	EndGlobalSection
EndGlobal
